// !$*UTF8*$!
{
	archiveVersion = 1;
	classes = {
	};
	objectVersion = 55;
	objects = {

/* Begin PBXBuildFile section */
		1A35E3F8CBFC7F6DFC0E8DFD /* Pods_R___city.framework in Frameworks */ = {isa = PBXBuildFile; fileRef = 3C5B3FE8679E599B0DBC1D63 /* Pods_R___city.framework */; };
		AF2B9545284FB1E700D44716 /* Manager.swift in Sources */ = {isa = PBXBuildFile; fileRef = AF2B9544284FB1E700D44716 /* Manager.swift */; };
		AF3C63D0284F420000337E95 /* AppDelegate.swift in Sources */ = {isa = PBXBuildFile; fileRef = AF3C63CF284F420000337E95 /* AppDelegate.swift */; };
		AF3C63D2284F420000337E95 /* SceneDelegate.swift in Sources */ = {isa = PBXBuildFile; fileRef = AF3C63D1284F420000337E95 /* SceneDelegate.swift */; };
		AF3C63D7284F420000337E95 /* Main.storyboard in Resources */ = {isa = PBXBuildFile; fileRef = AF3C63D5284F420000337E95 /* Main.storyboard */; };
		AF3C63DC284F420600337E95 /* Assets.xcassets in Resources */ = {isa = PBXBuildFile; fileRef = AF3C63DB284F420600337E95 /* Assets.xcassets */; };
		AF3C63DF284F420600337E95 /* LaunchScreen.storyboard in Resources */ = {isa = PBXBuildFile; fileRef = AF3C63DD284F420600337E95 /* LaunchScreen.storyboard */; };
		AF3C63E7284F476400337E95 /* MainScreenTVC.swift in Sources */ = {isa = PBXBuildFile; fileRef = AF3C63E6284F476400337E95 /* MainScreenTVC.swift */; };
		AF3C63E9284F58C500337E95 /* CustomTVC.swift in Sources */ = {isa = PBXBuildFile; fileRef = AF3C63E8284F58C500337E95 /* CustomTVC.swift */; };
		AF3C63EB284F5D4400337E95 /* Model.swift in Sources */ = {isa = PBXBuildFile; fileRef = AF3C63EA284F5D4400337E95 /* Model.swift */; };
		AF3C63ED284F69A400337E95 /* NewPlaceTVC.swift in Sources */ = {isa = PBXBuildFile; fileRef = AF3C63EC284F69A400337E95 /* NewPlaceTVC.swift */; };
		AFC6E3ED2850C43E00E1143D /* MapVC.swift in Sources */ = {isa = PBXBuildFile; fileRef = AFC6E3EC2850C43E00E1143D /* MapVC.swift */; };
/* End PBXBuildFile section */

/* Begin PBXFileReference section */
		3C5B3FE8679E599B0DBC1D63 /* Pods_R___city.framework */ = {isa = PBXFileReference; explicitFileType = wrapper.framework; includeInIndex = 0; path = "Pods_R___city.framework"; sourceTree = BUILT_PRODUCTS_DIR; };
		AF2B9544284FB1E700D44716 /* Manager.swift */ = {isa = PBXFileReference; lastKnownFileType = sourcecode.swift; path = Manager.swift; sourceTree = "<group>"; };
		AF3C63CC284F420000337E95 /* R • city.app */ = {isa = PBXFileReference; explicitFileType = wrapper.application; includeInIndex = 0; path = "R • city.app"; sourceTree = BUILT_PRODUCTS_DIR; };
		AF3C63CF284F420000337E95 /* AppDelegate.swift */ = {isa = PBXFileReference; lastKnownFileType = sourcecode.swift; path = AppDelegate.swift; sourceTree = "<group>"; };
		AF3C63D1284F420000337E95 /* SceneDelegate.swift */ = {isa = PBXFileReference; lastKnownFileType = sourcecode.swift; path = SceneDelegate.swift; sourceTree = "<group>"; };
		AF3C63D6284F420000337E95 /* Base */ = {isa = PBXFileReference; lastKnownFileType = file.storyboard; name = Base; path = Base.lproj/Main.storyboard; sourceTree = "<group>"; };
		AF3C63DB284F420600337E95 /* Assets.xcassets */ = {isa = PBXFileReference; lastKnownFileType = folder.assetcatalog; path = Assets.xcassets; sourceTree = "<group>"; };
		AF3C63DE284F420600337E95 /* Base */ = {isa = PBXFileReference; lastKnownFileType = file.storyboard; name = Base; path = Base.lproj/LaunchScreen.storyboard; sourceTree = "<group>"; };
		AF3C63E0284F420600337E95 /* Info.plist */ = {isa = PBXFileReference; lastKnownFileType = text.plist.xml; path = Info.plist; sourceTree = "<group>"; };
		AF3C63E6284F476400337E95 /* MainScreenTVC.swift */ = {isa = PBXFileReference; lastKnownFileType = sourcecode.swift; path = MainScreenTVC.swift; sourceTree = "<group>"; };
		AF3C63E8284F58C500337E95 /* CustomTVC.swift */ = {isa = PBXFileReference; lastKnownFileType = sourcecode.swift; path = CustomTVC.swift; sourceTree = "<group>"; };
		AF3C63EA284F5D4400337E95 /* Model.swift */ = {isa = PBXFileReference; lastKnownFileType = sourcecode.swift; path = Model.swift; sourceTree = "<group>"; };
		AF3C63EC284F69A400337E95 /* NewPlaceTVC.swift */ = {isa = PBXFileReference; lastKnownFileType = sourcecode.swift; path = NewPlaceTVC.swift; sourceTree = "<group>"; };
		AFC6E3EC2850C43E00E1143D /* MapVC.swift */ = {isa = PBXFileReference; lastKnownFileType = sourcecode.swift; path = MapVC.swift; sourceTree = "<group>"; };
		C69CB0FB2C00DD98CF08FC2E /* Pods-R • city.release.xcconfig */ = {isa = PBXFileReference; includeInIndex = 1; lastKnownFileType = text.xcconfig; name = "Pods-R • city.release.xcconfig"; path = "Target Support Files/Pods-R • city/Pods-R • city.release.xcconfig"; sourceTree = "<group>"; };
		E6ED12BD9B91522C5513AE34 /* Pods-R • city.debug.xcconfig */ = {isa = PBXFileReference; includeInIndex = 1; lastKnownFileType = text.xcconfig; name = "Pods-R • city.debug.xcconfig"; path = "Target Support Files/Pods-R • city/Pods-R • city.debug.xcconfig"; sourceTree = "<group>"; };
/* End PBXFileReference section */

/* Begin PBXFrameworksBuildPhase section */
		AF3C63C9284F420000337E95 /* Frameworks */ = {
			isa = PBXFrameworksBuildPhase;
			buildActionMask = 2147483647;
			files = (
				1A35E3F8CBFC7F6DFC0E8DFD /* Pods_R___city.framework in Frameworks */,
			);
			runOnlyForDeploymentPostprocessing = 0;
		};
/* End PBXFrameworksBuildPhase section */

/* Begin PBXGroup section */
		315AC88CF4EC881747E6EF01 /* Pods */ = {
			isa = PBXGroup;
			children = (
				E6ED12BD9B91522C5513AE34 /* Pods-R • city.debug.xcconfig */,
				C69CB0FB2C00DD98CF08FC2E /* Pods-R • city.release.xcconfig */,
			);
			path = Pods;
			sourceTree = "<group>";
		};
		AF3C63C3284F420000337E95 = {
			isa = PBXGroup;
			children = (
				AF3C63CE284F420000337E95 /* R • city */,
				AF3C63CD284F420000337E95 /* Products */,
				315AC88CF4EC881747E6EF01 /* Pods */,
				F1F8F1B54AE175EE7522AFEE /* Frameworks */,
			);
			sourceTree = "<group>";
			usesTabs = 0;
		};
		AF3C63CD284F420000337E95 /* Products */ = {
			isa = PBXGroup;
			children = (
				AF3C63CC284F420000337E95 /* R • city.app */,
			);
			name = Products;
			sourceTree = "<group>";
		};
		AF3C63CE284F420000337E95 /* R • city */ = {
			isa = PBXGroup;
			children = (
				AFC6E3F3285377C800E1143D /* Delegate */,
				AFC6E3F22853779500E1143D /* View Controllers */,
				AFC6E3F42853781500E1143D /* Model */,
				AFC6E3F52853781E00E1143D /* Manager */,
				AF3C63DB284F420600337E95 /* Assets.xcassets */,
				AF3C63D5284F420000337E95 /* Main.storyboard */,
				AF3C63DD284F420600337E95 /* LaunchScreen.storyboard */,
				AF3C63E0284F420600337E95 /* Info.plist */,
			);
			path = "R • city";
			sourceTree = "<group>";
		};
		AFC6E3F22853779500E1143D /* View Controllers */ = {
			isa = PBXGroup;
			children = (
				AF3C63EC284F69A400337E95 /* NewPlaceTVC.swift */,
				AF3C63E6284F476400337E95 /* MainScreenTVC.swift */,
				AFC6E3EC2850C43E00E1143D /* MapVC.swift */,
				AF3C63E8284F58C500337E95 /* CustomTVC.swift */,
			);
			path = "View Controllers";
			sourceTree = "<group>";
		};
		AFC6E3F3285377C800E1143D /* Delegate */ = {
			isa = PBXGroup;
			children = (
				AF3C63CF284F420000337E95 /* AppDelegate.swift */,
				AF3C63D1284F420000337E95 /* SceneDelegate.swift */,
			);
			path = Delegate;
			sourceTree = "<group>";
		};
		AFC6E3F42853781500E1143D /* Model */ = {
			isa = PBXGroup;
			children = (
				AF3C63EA284F5D4400337E95 /* Model.swift */,
			);
			path = Model;
			sourceTree = "<group>";
		};
		AFC6E3F52853781E00E1143D /* Manager */ = {
			isa = PBXGroup;
			children = (
				AF2B9544284FB1E700D44716 /* Manager.swift */,
			);
			path = Manager;
			sourceTree = "<group>";
		};
		F1F8F1B54AE175EE7522AFEE /* Frameworks */ = {
			isa = PBXGroup;
			children = (
				3C5B3FE8679E599B0DBC1D63 /* Pods_R___city.framework */,
			);
			name = Frameworks;
			sourceTree = "<group>";
		};
/* End PBXGroup section */

/* Begin PBXNativeTarget section */
		AF3C63CB284F420000337E95 /* R • city */ = {
			isa = PBXNativeTarget;
			buildConfigurationList = AF3C63E3284F420600337E95 /* Build configuration list for PBXNativeTarget "R • city" */;
			buildPhases = (
				6AE1AAAD1811A05E44A01FD4 /* [CP] Check Pods Manifest.lock */,
				AF3C63C8284F420000337E95 /* Sources */,
				AF3C63C9284F420000337E95 /* Frameworks */,
				AF3C63CA284F420000337E95 /* Resources */,
				16435E79793E256FFDFC1EA3 /* [CP] Embed Pods Frameworks */,
			);
			buildRules = (
			);
			dependencies = (
			);
			name = "R • city";
			productName = "R • city";
			productReference = AF3C63CC284F420000337E95 /* R • city.app */;
			productType = "com.apple.product-type.application";
		};
/* End PBXNativeTarget section */

/* Begin PBXProject section */
		AF3C63C4284F420000337E95 /* Project object */ = {
			isa = PBXProject;
			attributes = {
				BuildIndependentTargetsInParallel = 1;
				LastSwiftUpdateCheck = 1340;
				LastUpgradeCheck = 1340;
				TargetAttributes = {
					AF3C63CB284F420000337E95 = {
						CreatedOnToolsVersion = 13.4.1;
					};
				};
			};
			buildConfigurationList = AF3C63C7284F420000337E95 /* Build configuration list for PBXProject "R • city" */;
			compatibilityVersion = "Xcode 13.0";
			developmentRegion = en;
			hasScannedForEncodings = 0;
			knownRegions = (
				en,
				Base,
			);
			mainGroup = AF3C63C3284F420000337E95;
			productRefGroup = AF3C63CD284F420000337E95 /* Products */;
			projectDirPath = "";
			projectRoot = "";
			targets = (
				AF3C63CB284F420000337E95 /* R • city */,
			);
		};
/* End PBXProject section */

/* Begin PBXResourcesBuildPhase section */
		AF3C63CA284F420000337E95 /* Resources */ = {
			isa = PBXResourcesBuildPhase;
			buildActionMask = 2147483647;
			files = (
				AF3C63DF284F420600337E95 /* LaunchScreen.storyboard in Resources */,
				AF3C63DC284F420600337E95 /* Assets.xcassets in Resources */,
				AF3C63D7284F420000337E95 /* Main.storyboard in Resources */,
			);
			runOnlyForDeploymentPostprocessing = 0;
		};
/* End PBXResourcesBuildPhase section */

/* Begin PBXShellScriptBuildPhase section */
		16435E79793E256FFDFC1EA3 /* [CP] Embed Pods Frameworks */ = {
			isa = PBXShellScriptBuildPhase;
			buildActionMask = 2147483647;
			files = (
			);
			inputFileListPaths = (
				"${PODS_ROOT}/Target Support Files/Pods-R • city/Pods-R • city-frameworks-${CONFIGURATION}-input-files.xcfilelist",
			);
			name = "[CP] Embed Pods Frameworks";
			outputFileListPaths = (
				"${PODS_ROOT}/Target Support Files/Pods-R • city/Pods-R • city-frameworks-${CONFIGURATION}-output-files.xcfilelist",
			);
			runOnlyForDeploymentPostprocessing = 0;
			shellPath = /bin/sh;
			shellScript = "\"${PODS_ROOT}/Target Support Files/Pods-R • city/Pods-R • city-frameworks.sh\"\n";
			showEnvVarsInLog = 0;
		};
		6AE1AAAD1811A05E44A01FD4 /* [CP] Check Pods Manifest.lock */ = {
			isa = PBXShellScriptBuildPhase;
			buildActionMask = 2147483647;
			files = (
			);
			inputFileListPaths = (
			);
			inputPaths = (
				"${PODS_PODFILE_DIR_PATH}/Podfile.lock",
				"${PODS_ROOT}/Manifest.lock",
			);
			name = "[CP] Check Pods Manifest.lock";
			outputFileListPaths = (
			);
			outputPaths = (
				"$(DERIVED_FILE_DIR)/Pods-R • city-checkManifestLockResult.txt",
			);
			runOnlyForDeploymentPostprocessing = 0;
			shellPath = /bin/sh;
			shellScript = "diff \"${PODS_PODFILE_DIR_PATH}/Podfile.lock\" \"${PODS_ROOT}/Manifest.lock\" > /dev/null\nif [ $? != 0 ] ; then\n    # print error to STDERR\n    echo \"error: The sandbox is not in sync with the Podfile.lock. Run 'pod install' or update your CocoaPods installation.\" >&2\n    exit 1\nfi\n# This output is used by Xcode 'outputs' to avoid re-running this script phase.\necho \"SUCCESS\" > \"${SCRIPT_OUTPUT_FILE_0}\"\n";
			showEnvVarsInLog = 0;
		};
/* End PBXShellScriptBuildPhase section */

/* Begin PBXSourcesBuildPhase section */
		AF3C63C8284F420000337E95 /* Sources */ = {
			isa = PBXSourcesBuildPhase;
			buildActionMask = 2147483647;
			files = (
				AF3C63E7284F476400337E95 /* MainScreenTVC.swift in Sources */,
				AF3C63ED284F69A400337E95 /* NewPlaceTVC.swift in Sources */,
				AF2B9545284FB1E700D44716 /* Manager.swift in Sources */,
				AF3C63D0284F420000337E95 /* AppDelegate.swift in Sources */,
				AF3C63EB284F5D4400337E95 /* Model.swift in Sources */,
				AF3C63D2284F420000337E95 /* SceneDelegate.swift in Sources */,
				AFC6E3ED2850C43E00E1143D /* MapVC.swift in Sources */,
				AF3C63E9284F58C500337E95 /* CustomTVC.swift in Sources */,
			);
			runOnlyForDeploymentPostprocessing = 0;
		};
/* End PBXSourcesBuildPhase section */

/* Begin PBXVariantGroup section */
		AF3C63D5284F420000337E95 /* Main.storyboard */ = {
			isa = PBXVariantGroup;
			children = (
				AF3C63D6284F420000337E95 /* Base */,
			);
			name = Main.storyboard;
			sourceTree = "<group>";
		};
		AF3C63DD284F420600337E95 /* LaunchScreen.storyboard */ = {
			isa = PBXVariantGroup;
			children = (
				AF3C63DE284F420600337E95 /* Base */,
			);
			name = LaunchScreen.storyboard;
			sourceTree = "<group>";
		};
/* End PBXVariantGroup section */

/* Begin XCBuildConfiguration section */
		AF3C63E1284F420600337E95 /* Debug */ = {
			isa = XCBuildConfiguration;
			buildSettings = {
				ALWAYS_SEARCH_USER_PATHS = NO;
				CLANG_ANALYZER_NONNULL = YES;
				CLANG_ANALYZER_NUMBER_OBJECT_CONVERSION = YES_AGGRESSIVE;
				CLANG_CXX_LANGUAGE_STANDARD = "gnu++17";
				CLANG_ENABLE_MODULES = YES;
				CLANG_ENABLE_OBJC_ARC = YES;
				CLANG_ENABLE_OBJC_WEAK = YES;
				CLANG_WARN_BLOCK_CAPTURE_AUTORELEASING = YES;
				CLANG_WARN_BOOL_CONVERSION = YES;
				CLANG_WARN_COMMA = YES;
				CLANG_WARN_CONSTANT_CONVERSION = YES;
				CLANG_WARN_DEPRECATED_OBJC_IMPLEMENTATIONS = YES;
				CLANG_WARN_DIRECT_OBJC_ISA_USAGE = YES_ERROR;
				CLANG_WARN_DOCUMENTATION_COMMENTS = YES;
				CLANG_WARN_EMPTY_BODY = YES;
				CLANG_WARN_ENUM_CONVERSION = YES;
				CLANG_WARN_INFINITE_RECURSION = YES;
				CLANG_WARN_INT_CONVERSION = YES;
				CLANG_WARN_NON_LITERAL_NULL_CONVERSION = YES;
				CLANG_WARN_OBJC_IMPLICIT_RETAIN_SELF = YES;
				CLANG_WARN_OBJC_LITERAL_CONVERSION = YES;
				CLANG_WARN_OBJC_ROOT_CLASS = YES_ERROR;
				CLANG_WARN_QUOTED_INCLUDE_IN_FRAMEWORK_HEADER = YES;
				CLANG_WARN_RANGE_LOOP_ANALYSIS = YES;
				CLANG_WARN_STRICT_PROTOTYPES = YES;
				CLANG_WARN_SUSPICIOUS_MOVE = YES;
				CLANG_WARN_UNGUARDED_AVAILABILITY = YES_AGGRESSIVE;
				CLANG_WARN_UNREACHABLE_CODE = YES;
				CLANG_WARN__DUPLICATE_METHOD_MATCH = YES;
				COPY_PHASE_STRIP = NO;
				DEBUG_INFORMATION_FORMAT = dwarf;
				ENABLE_STRICT_OBJC_MSGSEND = YES;
				ENABLE_TESTABILITY = YES;
				GCC_C_LANGUAGE_STANDARD = gnu11;
				GCC_DYNAMIC_NO_PIC = NO;
				GCC_NO_COMMON_BLOCKS = YES;
				GCC_OPTIMIZATION_LEVEL = 0;
				GCC_PREPROCESSOR_DEFINITIONS = (
					"DEBUG=1",
					"$(inherited)",
				);
				GCC_WARN_64_TO_32_BIT_CONVERSION = YES;
				GCC_WARN_ABOUT_RETURN_TYPE = YES_ERROR;
				GCC_WARN_UNDECLARED_SELECTOR = YES;
				GCC_WARN_UNINITIALIZED_AUTOS = YES_AGGRESSIVE;
				GCC_WARN_UNUSED_FUNCTION = YES;
				GCC_WARN_UNUSED_VARIABLE = YES;
				IPHONEOS_DEPLOYMENT_TARGET = 15.5;
				MTL_ENABLE_DEBUG_INFO = INCLUDE_SOURCE;
				MTL_FAST_MATH = YES;
				ONLY_ACTIVE_ARCH = YES;
				SDKROOT = iphoneos;
				SWIFT_ACTIVE_COMPILATION_CONDITIONS = DEBUG;
				SWIFT_OPTIMIZATION_LEVEL = "-Onone";
			};
			name = Debug;
		};
		AF3C63E2284F420600337E95 /* Release */ = {
			isa = XCBuildConfiguration;
			buildSettings = {
				ALWAYS_SEARCH_USER_PATHS = NO;
				CLANG_ANALYZER_NONNULL = YES;
				CLANG_ANALYZER_NUMBER_OBJECT_CONVERSION = YES_AGGRESSIVE;
				CLANG_CXX_LANGUAGE_STANDARD = "gnu++17";
				CLANG_ENABLE_MODULES = YES;
				CLANG_ENABLE_OBJC_ARC = YES;
				CLANG_ENABLE_OBJC_WEAK = YES;
				CLANG_WARN_BLOCK_CAPTURE_AUTORELEASING = YES;
				CLANG_WARN_BOOL_CONVERSION = YES;
				CLANG_WARN_COMMA = YES;
				CLANG_WARN_CONSTANT_CONVERSION = YES;
				CLANG_WARN_DEPRECATED_OBJC_IMPLEMENTATIONS = YES;
				CLANG_WARN_DIRECT_OBJC_ISA_USAGE = YES_ERROR;
				CLANG_WARN_DOCUMENTATION_COMMENTS = YES;
				CLANG_WARN_EMPTY_BODY = YES;
				CLANG_WARN_ENUM_CONVERSION = YES;
				CLANG_WARN_INFINITE_RECURSION = YES;
				CLANG_WARN_INT_CONVERSION = YES;
				CLANG_WARN_NON_LITERAL_NULL_CONVERSION = YES;
				CLANG_WARN_OBJC_IMPLICIT_RETAIN_SELF = YES;
				CLANG_WARN_OBJC_LITERAL_CONVERSION = YES;
				CLANG_WARN_OBJC_ROOT_CLASS = YES_ERROR;
				CLANG_WARN_QUOTED_INCLUDE_IN_FRAMEWORK_HEADER = YES;
				CLANG_WARN_RANGE_LOOP_ANALYSIS = YES;
				CLANG_WARN_STRICT_PROTOTYPES = YES;
				CLANG_WARN_SUSPICIOUS_MOVE = YES;
				CLANG_WARN_UNGUARDED_AVAILABILITY = YES_AGGRESSIVE;
				CLANG_WARN_UNREACHABLE_CODE = YES;
				CLANG_WARN__DUPLICATE_METHOD_MATCH = YES;
				COPY_PHASE_STRIP = NO;
				DEBUG_INFORMATION_FORMAT = "dwarf-with-dsym";
				ENABLE_NS_ASSERTIONS = NO;
				ENABLE_STRICT_OBJC_MSGSEND = YES;
				GCC_C_LANGUAGE_STANDARD = gnu11;
				GCC_NO_COMMON_BLOCKS = YES;
				GCC_WARN_64_TO_32_BIT_CONVERSION = YES;
				GCC_WARN_ABOUT_RETURN_TYPE = YES_ERROR;
				GCC_WARN_UNDECLARED_SELECTOR = YES;
				GCC_WARN_UNINITIALIZED_AUTOS = YES_AGGRESSIVE;
				GCC_WARN_UNUSED_FUNCTION = YES;
				GCC_WARN_UNUSED_VARIABLE = YES;
				IPHONEOS_DEPLOYMENT_TARGET = 15.5;
				MTL_ENABLE_DEBUG_INFO = NO;
				MTL_FAST_MATH = YES;
				SDKROOT = iphoneos;
				SWIFT_COMPILATION_MODE = wholemodule;
				SWIFT_OPTIMIZATION_LEVEL = "-O";
				VALIDATE_PRODUCT = YES;
			};
			name = Release;
		};
		AF3C63E4284F420600337E95 /* Debug */ = {
			isa = XCBuildConfiguration;
			baseConfigurationReference = E6ED12BD9B91522C5513AE34 /* Pods-R • city.debug.xcconfig */;
			buildSettings = {
				ASSETCATALOG_COMPILER_APPICON_NAME = AppIcon;
				ASSETCATALOG_COMPILER_GLOBAL_ACCENT_COLOR_NAME = AccentColor;
				CODE_SIGN_STYLE = Automatic;
				CURRENT_PROJECT_VERSION = 1;
				DEVELOPMENT_TEAM = 36FB83P3NL;
				GENERATE_INFOPLIST_FILE = YES;
				INFOPLIST_FILE = "R • city/Info.plist";
				INFOPLIST_KEY_UIApplicationSupportsIndirectInputEvents = YES;
				INFOPLIST_KEY_UILaunchStoryboardName = LaunchScreen;
				INFOPLIST_KEY_UIMainStoryboardFile = Main;
				INFOPLIST_KEY_UISupportedInterfaceOrientations = UIInterfaceOrientationPortrait;
				INFOPLIST_KEY_UISupportedInterfaceOrientations_iPad = "UIInterfaceOrientationPortrait UIInterfaceOrientationPortraitUpsideDown UIInterfaceOrientationLandscapeLeft UIInterfaceOrientationLandscapeRight";
				INFOPLIST_KEY_UISupportedInterfaceOrientations_iPhone = "UIInterfaceOrientationPortrait UIInterfaceOrientationLandscapeLeft UIInterfaceOrientationLandscapeRight";
				IPHONEOS_DEPLOYMENT_TARGET = 15.3;
				LD_RUNPATH_SEARCH_PATHS = (
					"$(inherited)",
					"@executable_path/Frameworks",
				);
				MARKETING_VERSION = 1.0;
				PRODUCT_BUNDLE_IDENTIFIER = "pet-project.R---city";
				PRODUCT_NAME = "$(TARGET_NAME)";
				SWIFT_EMIT_LOC_STRINGS = YES;
				SWIFT_VERSION = 5.0;
				TARGETED_DEVICE_FAMILY = 1;
			};
			name = Debug;
		};
		AF3C63E5284F420600337E95 /* Release */ = {
			isa = XCBuildConfiguration;
			baseConfigurationReference = C69CB0FB2C00DD98CF08FC2E /* Pods-R • city.release.xcconfig */;
			buildSettings = {
				ASSETCATALOG_COMPILER_APPICON_NAME = AppIcon;
				ASSETCATALOG_COMPILER_GLOBAL_ACCENT_COLOR_NAME = AccentColor;
				CODE_SIGN_STYLE = Automatic;
				CURRENT_PROJECT_VERSION = 1;
				DEVELOPMENT_TEAM = 36FB83P3NL;
				GENERATE_INFOPLIST_FILE = YES;
				INFOPLIST_FILE = "R • city/Info.plist";
				INFOPLIST_KEY_UIApplicationSupportsIndirectInputEvents = YES;
				INFOPLIST_KEY_UILaunchStoryboardName = LaunchScreen;
				INFOPLIST_KEY_UIMainStoryboardFile = Main;
				INFOPLIST_KEY_UISupportedInterfaceOrientations = UIInterfaceOrientationPortrait;
				INFOPLIST_KEY_UISupportedInterfaceOrientations_iPad = "UIInterfaceOrientationPortrait UIInterfaceOrientationPortraitUpsideDown UIInterfaceOrientationLandscapeLeft UIInterfaceOrientationLandscapeRight";
				INFOPLIST_KEY_UISupportedInterfaceOrientations_iPhone = "UIInterfaceOrientationPortrait UIInterfaceOrientationLandscapeLeft UIInterfaceOrientationLandscapeRight";
				IPHONEOS_DEPLOYMENT_TARGET = 15.3;
				LD_RUNPATH_SEARCH_PATHS = (
					"$(inherited)",
					"@executable_path/Frameworks",
				);
				MARKETING_VERSION = 1.0;
				PRODUCT_BUNDLE_IDENTIFIER = "pet-project.R---city";
				PRODUCT_NAME = "$(TARGET_NAME)";
				SWIFT_EMIT_LOC_STRINGS = YES;
				SWIFT_VERSION = 5.0;
				TARGETED_DEVICE_FAMILY = 1;
			};
			name = Release;
		};
/* End XCBuildConfiguration section */

/* Begin XCConfigurationList section */
		AF3C63C7284F420000337E95 /* Build configuration list for PBXProject "R • city" */ = {
			isa = XCConfigurationList;
			buildConfigurations = (
				AF3C63E1284F420600337E95 /* Debug */,
				AF3C63E2284F420600337E95 /* Release */,
			);
			defaultConfigurationIsVisible = 0;
			defaultConfigurationName = Release;
		};
		AF3C63E3284F420600337E95 /* Build configuration list for PBXNativeTarget "R • city" */ = {
			isa = XCConfigurationList;
			buildConfigurations = (
				AF3C63E4284F420600337E95 /* Debug */,
				AF3C63E5284F420600337E95 /* Release */,
			);
			defaultConfigurationIsVisible = 0;
			defaultConfigurationName = Release;
		};
/* End XCConfigurationList section */
	};
	rootObject = AF3C63C4284F420000337E95 /* Project object */;
}
